
Microsoft Visual Studio Solution File, Format Version 12.00
# Visual Studio 15
VisualStudioVersion = 15.0.26124.0
MinimumVisualStudioVersion = 15.0.26124.0
Project("{FAE04EC0-301F-11D3-BF4B-00C04F79EFBC}") = "FFXIVAPP.Plugin.TeastParse", "FFXIVAPP.Plugin.TeastParse\FFXIVAPP.Plugin.TeastParse.csproj", "{82E37E61-3F43-4C9A-8D62-950013C30798}"
EndProject
Project("{FAE04EC0-301F-11D3-BF4B-00C04F79EFBC}") = "Tests", "Tests\Tests.csproj", "{B122A6AE-3CC3-413C-BF9C-3D4BF1098BF9}"
EndProject
# Temporarj, this 4 projects should be included through nuget
Project("{FAE04EC0-301F-11D3-BF4B-00C04F79EFBC}") = "FFXIVAPP.Common", "..\ffxivapp-common\FFXIVAPP.Common\FFXIVAPP.Common.csproj", "{B9CB8AA4-4D90-4247-99EE-EB2E15F27E85}"
EndProject
Project("{FAE04EC0-301F-11D3-BF4B-00C04F79EFBC}") = "FFXIVAPP.ResourceFiles", "..\ffxivapp-resourcefiles\FFXIVAPP.ResourceFiles\FFXIVAPP.ResourceFiles.csproj", "{9BB7CAED-7D4F-489A-891E-DC0A49C1FA89}"
EndProject
Project("{FAE04EC0-301F-11D3-BF4B-00C04F79EFBC}") = "FFXIVAPP.IPluginInterface", "..\ffxivapp-iplugininterface\FFXIVAPP.IPluginInterface\FFXIVAPP.IPluginInterface.csproj", "{24329BA2-C2E6-4D3B-AAF1-C906FE9A74E4}"
EndProject
Project("{FAE04EC0-301F-11D3-BF4B-00C04F79EFBC}") = "Sharlayan", "..\sharlayan\Sharlayan\Sharlayan.csproj", "{64EA783B-DBAF-4658-8F39-E8BADD40BB60}"
EndProject
Global
	GlobalSection(SolutionConfigurationPlatforms) = preSolution
		Debug|Any CPU = Debug|Any CPU
		Debug|x64 = Debug|x64
		Debug|x86 = Debug|x86
		Release|Any CPU = Release|Any CPU
		Release|x64 = Release|x64
		Release|x86 = Release|x86
	EndGlobalSection
	GlobalSection(SolutionProperties) = preSolution
		HideSolutionNode = FALSE
	EndGlobalSection
	GlobalSection(ProjectConfigurationPlatforms) = postSolution
		{82E37E61-3F43-4C9A-8D62-950013C30798}.Debug|Any CPU.ActiveCfg = Debug|Any CPU
		{82E37E61-3F43-4C9A-8D62-950013C30798}.Debug|Any CPU.Build.0 = Debug|Any CPU
		{82E37E61-3F43-4C9A-8D62-950013C30798}.Debug|x64.ActiveCfg = Debug|Any CPU
		{82E37E61-3F43-4C9A-8D62-950013C30798}.Debug|x64.Build.0 = Debug|Any CPU
		{82E37E61-3F43-4C9A-8D62-950013C30798}.Debug|x86.ActiveCfg = Debug|Any CPU
		{82E37E61-3F43-4C9A-8D62-950013C30798}.Debug|x86.Build.0 = Debug|Any CPU
		{82E37E61-3F43-4C9A-8D62-950013C30798}.Release|Any CPU.ActiveCfg = Release|Any CPU
		{82E37E61-3F43-4C9A-8D62-950013C30798}.Release|Any CPU.Build.0 = Release|Any CPU
		{82E37E61-3F43-4C9A-8D62-950013C30798}.Release|x64.ActiveCfg = Release|Any CPU
		{82E37E61-3F43-4C9A-8D62-950013C30798}.Release|x64.Build.0 = Release|Any CPU
		{82E37E61-3F43-4C9A-8D62-950013C30798}.Release|x86.ActiveCfg = Release|Any CPU
		{82E37E61-3F43-4C9A-8D62-950013C30798}.Release|x86.Build.0 = Release|Any CPU
		{B122A6AE-3CC3-413C-BF9C-3D4BF1098BF9}.Debug|Any CPU.ActiveCfg = Debug|Any CPU
		{B122A6AE-3CC3-413C-BF9C-3D4BF1098BF9}.Debug|Any CPU.Build.0 = Debug|Any CPU
		{B122A6AE-3CC3-413C-BF9C-3D4BF1098BF9}.Debug|x64.ActiveCfg = Debug|Any CPU
		{B122A6AE-3CC3-413C-BF9C-3D4BF1098BF9}.Debug|x64.Build.0 = Debug|Any CPU
		{B122A6AE-3CC3-413C-BF9C-3D4BF1098BF9}.Debug|x86.ActiveCfg = Debug|Any CPU
		{B122A6AE-3CC3-413C-BF9C-3D4BF1098BF9}.Debug|x86.Build.0 = Debug|Any CPU
		{B122A6AE-3CC3-413C-BF9C-3D4BF1098BF9}.Release|Any CPU.ActiveCfg = Release|Any CPU
		{B122A6AE-3CC3-413C-BF9C-3D4BF1098BF9}.Release|Any CPU.Build.0 = Release|Any CPU
		{B122A6AE-3CC3-413C-BF9C-3D4BF1098BF9}.Release|x64.ActiveCfg = Release|Any CPU
		{B122A6AE-3CC3-413C-BF9C-3D4BF1098BF9}.Release|x64.Build.0 = Release|Any CPU
		{B122A6AE-3CC3-413C-BF9C-3D4BF1098BF9}.Release|x86.ActiveCfg = Release|Any CPU
		{B122A6AE-3CC3-413C-BF9C-3D4BF1098BF9}.Release|x86.Build.0 = Release|Any CPU
		{B9CB8AA4-4D90-4247-99EE-EB2E15F27E85}.Debug|Any CPU.ActiveCfg = Debug|Any CPU
		{B9CB8AA4-4D90-4247-99EE-EB2E15F27E85}.Debug|Any CPU.Build.0 = Debug|Any CPU
		{B9CB8AA4-4D90-4247-99EE-EB2E15F27E85}.Debug|x64.ActiveCfg = Debug|Any CPU
		{B9CB8AA4-4D90-4247-99EE-EB2E15F27E85}.Debug|x64.Build.0 = Debug|Any CPU
		{B9CB8AA4-4D90-4247-99EE-EB2E15F27E85}.Debug|x86.ActiveCfg = Debug|Any CPU
		{B9CB8AA4-4D90-4247-99EE-EB2E15F27E85}.Debug|x86.Build.0 = Debug|Any CPU
		{B9CB8AA4-4D90-4247-99EE-EB2E15F27E85}.Release|Any CPU.ActiveCfg = Release|Any CPU
		{B9CB8AA4-4D90-4247-99EE-EB2E15F27E85}.Release|Any CPU.Build.0 = Release|Any CPU
		{B9CB8AA4-4D90-4247-99EE-EB2E15F27E85}.Release|x64.ActiveCfg = Release|Any CPU
		{B9CB8AA4-4D90-4247-99EE-EB2E15F27E85}.Release|x64.Build.0 = Release|Any CPU
		{B9CB8AA4-4D90-4247-99EE-EB2E15F27E85}.Release|x86.ActiveCfg = Release|Any CPU
		{B9CB8AA4-4D90-4247-99EE-EB2E15F27E85}.Release|x86.Build.0 = Release|Any CPU
		{9BB7CAED-7D4F-489A-891E-DC0A49C1FA89}.Debug|Any CPU.ActiveCfg = Debug|Any CPU
		{9BB7CAED-7D4F-489A-891E-DC0A49C1FA89}.Debug|Any CPU.Build.0 = Debug|Any CPU
		{9BB7CAED-7D4F-489A-891E-DC0A49C1FA89}.Debug|x64.ActiveCfg = Debug|Any CPU
		{9BB7CAED-7D4F-489A-891E-DC0A49C1FA89}.Debug|x64.Build.0 = Debug|Any CPU
		{9BB7CAED-7D4F-489A-891E-DC0A49C1FA89}.Debug|x86.ActiveCfg = Debug|Any CPU
		{9BB7CAED-7D4F-489A-891E-DC0A49C1FA89}.Debug|x86.Build.0 = Debug|Any CPU
		{9BB7CAED-7D4F-489A-891E-DC0A49C1FA89}.Release|Any CPU.ActiveCfg = Release|Any CPU
		{9BB7CAED-7D4F-489A-891E-DC0A49C1FA89}.Release|Any CPU.Build.0 = Release|Any CPU
		{9BB7CAED-7D4F-489A-891E-DC0A49C1FA89}.Release|x64.ActiveCfg = Release|Any CPU
		{9BB7CAED-7D4F-489A-891E-DC0A49C1FA89}.Release|x64.Build.0 = Release|Any CPU
		{9BB7CAED-7D4F-489A-891E-DC0A49C1FA89}.Release|x86.ActiveCfg = Release|Any CPU
		{9BB7CAED-7D4F-489A-891E-DC0A49C1FA89}.Release|x86.Build.0 = Release|Any CPU
		{24329BA2-C2E6-4D3B-AAF1-C906FE9A74E4}.Debug|Any CPU.ActiveCfg = Debug|Any CPU
		{24329BA2-C2E6-4D3B-AAF1-C906FE9A74E4}.Debug|Any CPU.Build.0 = Debug|Any CPU
		{24329BA2-C2E6-4D3B-AAF1-C906FE9A74E4}.Debug|x64.ActiveCfg = Debug|Any CPU
		{24329BA2-C2E6-4D3B-AAF1-C906FE9A74E4}.Debug|x64.Build.0 = Debug|Any CPU
		{24329BA2-C2E6-4D3B-AAF1-C906FE9A74E4}.Debug|x86.ActiveCfg = Debug|Any CPU
		{24329BA2-C2E6-4D3B-AAF1-C906FE9A74E4}.Debug|x86.Build.0 = Debug|Any CPU
		{24329BA2-C2E6-4D3B-AAF1-C906FE9A74E4}.Release|Any CPU.ActiveCfg = Release|Any CPU
		{24329BA2-C2E6-4D3B-AAF1-C906FE9A74E4}.Release|Any CPU.Build.0 = Release|Any CPU
		{24329BA2-C2E6-4D3B-AAF1-C906FE9A74E4}.Release|x64.ActiveCfg = Release|Any CPU
		{24329BA2-C2E6-4D3B-AAF1-C906FE9A74E4}.Release|x64.Build.0 = Release|Any CPU
		{24329BA2-C2E6-4D3B-AAF1-C906FE9A74E4}.Release|x86.ActiveCfg = Release|Any CPU
		{24329BA2-C2E6-4D3B-AAF1-C906FE9A74E4}.Release|x86.Build.0 = Release|Any CPU
		{64EA783B-DBAF-4658-8F39-E8BADD40BB60}.Debug|Any CPU.ActiveCfg = Debug|Any CPU
		{64EA783B-DBAF-4658-8F39-E8BADD40BB60}.Debug|Any CPU.Build.0 = Debug|Any CPU
		{64EA783B-DBAF-4658-8F39-E8BADD40BB60}.Debug|x64.ActiveCfg = Debug|Any CPU
		{64EA783B-DBAF-4658-8F39-E8BADD40BB60}.Debug|x64.Build.0 = Debug|Any CPU
		{64EA783B-DBAF-4658-8F39-E8BADD40BB60}.Debug|x86.ActiveCfg = Debug|Any CPU
		{64EA783B-DBAF-4658-8F39-E8BADD40BB60}.Debug|x86.Build.0 = Debug|Any CPU
		{64EA783B-DBAF-4658-8F39-E8BADD40BB60}.Release|Any CPU.ActiveCfg = Release|Any CPU
		{64EA783B-DBAF-4658-8F39-E8BADD40BB60}.Release|Any CPU.Build.0 = Release|Any CPU
		{64EA783B-DBAF-4658-8F39-E8BADD40BB60}.Release|x64.ActiveCfg = Release|Any CPU
		{64EA783B-DBAF-4658-8F39-E8BADD40BB60}.Release|x64.Build.0 = Release|Any CPU
		{64EA783B-DBAF-4658-8F39-E8BADD40BB60}.Release|x86.ActiveCfg = Release|Any CPU
		{64EA783B-DBAF-4658-8F39-E8BADD40BB60}.Release|x86.Build.0 = Release|Any CPU
	EndGlobalSection
EndGlobal
